
Microsoft Visual Studio Solution File, Format Version 12.00
# Visual Studio 2013
VisualStudioVersion = 12.0.40629.0
MinimumVisualStudioVersion = 10.0.40219.1
Project("{FAE04EC0-301F-11D3-BF4B-00C04F79EFBC}") = "BotBits.LoginForm", "BotBits.LoginForm\BotBits.LoginForm.csproj", "{74509934-76AD-4E7E-85E9-E74EB7655119}"
EndProject
Project("{FAE04EC0-301F-11D3-BF4B-00C04F79EFBC}") = "BotBits.LoginForm.Demo", "BotBits.LoginForm.Demo\BotBits.LoginForm.Demo.csproj", "{D646B613-900A-4C74-8230-698B3EE2EAA5}"
EndProject
Project("{FAE04EC0-301F-11D3-BF4B-00C04F79EFBC}") = "BotBits.LoginForm.Facebook", "BotBits.LoginForm.Facebook\BotBits.LoginForm.Facebook.csproj", "{BAE72D16-9069-491D-AC3E-5187DD254EDD}"
EndProject
Global
	GlobalSection(SolutionConfigurationPlatforms) = preSolution
		Debug|Any CPU = Debug|Any CPU
		Release|Any CPU = Release|Any CPU
	EndGlobalSection
	GlobalSection(ProjectConfigurationPlatforms) = postSolution
		{74509934-76AD-4E7E-85E9-E74EB7655119}.Debug|Any CPU.ActiveCfg = Debug|Any CPU
		{74509934-76AD-4E7E-85E9-E74EB7655119}.Debug|Any CPU.Build.0 = Debug|Any CPU
		{74509934-76AD-4E7E-85E9-E74EB7655119}.Release|Any CPU.ActiveCfg = Release|Any CPU
		{74509934-76AD-4E7E-85E9-E74EB7655119}.Release|Any CPU.Build.0 = Release|Any CPU
		{D646B613-900A-4C74-8230-698B3EE2EAA5}.Debug|Any CPU.ActiveCfg = Debug|Any CPU
		{D646B613-900A-4C74-8230-698B3EE2EAA5}.Debug|Any CPU.Build.0 = Debug|Any CPU
		{D646B613-900A-4C74-8230-698B3EE2EAA5}.Release|Any CPU.ActiveCfg = Release|Any CPU
		{D646B613-900A-4C74-8230-698B3EE2EAA5}.Release|Any CPU.Build.0 = Release|Any CPU
		{BAE72D16-9069-491D-AC3E-5187DD254EDD}.Debug|Any CPU.ActiveCfg = Debug|Any CPU
		{BAE72D16-9069-491D-AC3E-5187DD254EDD}.Debug|Any CPU.Build.0 = Debug|Any CPU
		{BAE72D16-9069-491D-AC3E-5187DD254EDD}.Release|Any CPU.ActiveCfg = Release|Any CPU
		{BAE72D16-9069-491D-AC3E-5187DD254EDD}.Release|Any CPU.Build.0 = Release|Any CPU
	EndGlobalSection
	GlobalSection(SolutionProperties) = preSolution
		HideSolutionNode = FALSE
	EndGlobalSection
EndGlobal
